dependencies:
- name: kafka
  repository: file://subcharts/kafka
  version: 0.1.0
- name: argo-cd
  repository: https://argoproj.github.io/argo-helm
  version: 7.6.12
- name: kube-prometheus-stack
  repository: https://prometheus-community.github.io/helm-charts
  version: 65.3.1
- name: monitoring
  repository: file://subcharts/monitoring
  version: 0.1.0
- name: grafana-operator
  repository: oci://ghcr.io/grafana/helm-charts
  version: v5.15.1
digest: sha256:9400db91896b24edb28a01b5e4b2c4c5a0e8d17f0283d598e30f26530d636e08
generated: "2024-11-12T14:45:58.749090859+01:00"
