dependencies:
- name: kafka
  repository: file://subcharts/kafka
  version: 0.1.0
- name: argo-cd
  repository: https://argoproj.github.io/argo-helm
  version: 7.6.12
- name: kube-prometheus-stack
  repository: https://prometheus-community.github.io/helm-charts
  version: 65.3.1
- name: monitoring
  repository: file://subcharts/monitoring
  version: 0.1.0
digest: sha256:f13d43816382c18632eb164dbc22febdbab7dcd28660fdd7cc93705a1803cffb
generated: "2024-11-07T16:07:30.128162063+01:00"
